
Microsoft Visual Studio Solution File, Format Version 12.00
# Visual Studio Version 17
VisualStudioVersion = 17.0.32112.339
MinimumVisualStudioVersion = 10.0.40219.1
Project("{9A19103F-16F7-4668-BE54-9A1E7A4F7556}") = "RandomPetLib", "RandomPetLib\RandomPetLib.csproj", "{088F58CD-5438-47F5-9773-14B74C2A8E7F}"
EndProject
Project("{9A19103F-16F7-4668-BE54-9A1E7A4F7556}") = "RandomPetTest", "RandomPetTest\RandomPetTest.csproj", "{C19FA6BC-31F8-4DB0-83A4-3EC16F57966D}"
EndProject
Project("{9A19103F-16F7-4668-BE54-9A1E7A4F7556}") = "RandomPet", "RandomPet\RandomPet.csproj", "{1C8F4F19-C75C-4D08-8127-DBBF55E81642}"
EndProject
Project("{2150E333-8FDC-42A3-9474-1A3956D46DE8}") = "Solution Items", "Solution Items", "{0CB4EDF2-3012-48E9-AA53-5EE22B882404}"
	ProjectSection(SolutionItems) = preProject
		Dockerfile.txt = Dockerfile.txt
	EndProjectSection
EndProject
Global
	GlobalSection(SolutionConfigurationPlatforms) = preSolution
		Debug|Any CPU = Debug|Any CPU
		Release|Any CPU = Release|Any CPU
	EndGlobalSection
	GlobalSection(ProjectConfigurationPlatforms) = postSolution
		{088F58CD-5438-47F5-9773-14B74C2A8E7F}.Debug|Any CPU.ActiveCfg = Debug|Any CPU
		{088F58CD-5438-47F5-9773-14B74C2A8E7F}.Debug|Any CPU.Build.0 = Debug|Any CPU
		{088F58CD-5438-47F5-9773-14B74C2A8E7F}.Release|Any CPU.ActiveCfg = Release|Any CPU
		{088F58CD-5438-47F5-9773-14B74C2A8E7F}.Release|Any CPU.Build.0 = Release|Any CPU
		{C19FA6BC-31F8-4DB0-83A4-3EC16F57966D}.Debug|Any CPU.ActiveCfg = Debug|Any CPU
		{C19FA6BC-31F8-4DB0-83A4-3EC16F57966D}.Debug|Any CPU.Build.0 = Debug|Any CPU
		{C19FA6BC-31F8-4DB0-83A4-3EC16F57966D}.Release|Any CPU.ActiveCfg = Release|Any CPU
		{C19FA6BC-31F8-4DB0-83A4-3EC16F57966D}.Release|Any CPU.Build.0 = Release|Any CPU
		{1C8F4F19-C75C-4D08-8127-DBBF55E81642}.Debug|Any CPU.ActiveCfg = Debug|Any CPU
		{1C8F4F19-C75C-4D08-8127-DBBF55E81642}.Debug|Any CPU.Build.0 = Debug|Any CPU
		{1C8F4F19-C75C-4D08-8127-DBBF55E81642}.Release|Any CPU.ActiveCfg = Release|Any CPU
		{1C8F4F19-C75C-4D08-8127-DBBF55E81642}.Release|Any CPU.Build.0 = Release|Any CPU
	EndGlobalSection
	GlobalSection(SolutionProperties) = preSolution
		HideSolutionNode = FALSE
	EndGlobalSection
	GlobalSection(ExtensibilityGlobals) = postSolution
		SolutionGuid = {EB957A0D-F6B0-48CB-AEAF-6DDF58A8104B}
	EndGlobalSection
EndGlobal
